{
    "requires": true,
    "lockfileVersion": 1,
    "dependencies": {
        "vue-axios": {
            "version": "3.2.4",
            "resolved": "https://registry.npmjs.org/vue-axios/-/vue-axios-3.2.4.tgz",
            "integrity": "sha512-8Dgws6dwt+1LoKEU4HDzIPfaRgWHl0xLDLW6kxrAk/z3GAJ2thkajcXC4qZgmqj0cZRx/Z/dzooKi5HWtUQwxA=="
        }
    }
}
